
Microsoft Visual Studio Solution File, Format Version 12.00
# Visual Studio Version 16
VisualStudioVersion = 16.0.30503.244
MinimumVisualStudioVersion = 10.0.40219.1
Project("{FAE04EC0-301F-11D3-BF4B-00C04F79EFBC}") = "FC_UI_Demo", "FC_UI_Demo.csproj", "{587FADDC-1792-44BF-8066-5794AE6D9587}"
EndProject
Global
	GlobalSection(SolutionConfigurationPlatforms) = preSolution
		Debug|Any CPU = Debug|Any CPU
		Release|Any CPU = Release|Any CPU
	EndGlobalSection
	GlobalSection(ProjectConfigurationPlatforms) = postSolution
		{587FADDC-1792-44BF-8066-5794AE6D9587}.Debug|Any CPU.ActiveCfg = Debug|Any CPU
		{587FADDC-1792-44BF-8066-5794AE6D9587}.Debug|Any CPU.Build.0 = Debug|Any CPU
		{587FADDC-1792-44BF-8066-5794AE6D9587}.Release|Any CPU.ActiveCfg = Release|Any CPU
		{587FADDC-1792-44BF-8066-5794AE6D9587}.Release|Any CPU.Build.0 = Release|Any CPU
	EndGlobalSection
	GlobalSection(SolutionProperties) = preSolution
		HideSolutionNode = FALSE
	EndGlobalSection
	GlobalSection(ExtensibilityGlobals) = postSolution
		SolutionGuid = {1616B3AE-449C-4CA1-AA02-20CB328E6927}
	EndGlobalSection
EndGlobal
